
Microsoft Visual Studio Solution File, Format Version 12.00
# Visual Studio 15
VisualStudioVersion = 15.0.28307.1145
MinimumVisualStudioVersion = 10.0.40219.1
Project("{FAE04EC0-301F-11D3-BF4B-00C04F79EFBC}") = "Resala.Apps.VolCRM", "Resala.Apps.VolCRM\Resala.Apps.VolCRM.csproj", "{6FC9A918-65EE-44BE-93C9-0BBEBC088466}"
EndProject
Project("{FAE04EC0-301F-11D3-BF4B-00C04F79EFBC}") = "Resala.App.Domain", "Resala.App.Domain\Resala.App.Domain.csproj", "{E696394F-3C0F-4725-AA04-C4F7D8EF9097}"
EndProject
Project("{FAE04EC0-301F-11D3-BF4B-00C04F79EFBC}") = "Resala.App.APIs", "Resala.App.APIs\Resala.App.APIs.csproj", "{590D76CE-E4D9-4D7A-AA7D-8279D38789C2}"
EndProject
Project("{FAE04EC0-301F-11D3-BF4B-00C04F79EFBC}") = "Resala.Apps.Core", "Resala.Apps.Core\Resala.Apps.Core.csproj", "{94900B3A-089A-481E-96AF-EA44489202BB}"
EndProject
Global
	GlobalSection(SolutionConfigurationPlatforms) = preSolution
		Debug|Any CPU = Debug|Any CPU
		Release|Any CPU = Release|Any CPU
	EndGlobalSection
	GlobalSection(ProjectConfigurationPlatforms) = postSolution
		{6FC9A918-65EE-44BE-93C9-0BBEBC088466}.Debug|Any CPU.ActiveCfg = Debug|Any CPU
		{6FC9A918-65EE-44BE-93C9-0BBEBC088466}.Debug|Any CPU.Build.0 = Debug|Any CPU
		{6FC9A918-65EE-44BE-93C9-0BBEBC088466}.Release|Any CPU.ActiveCfg = Release|Any CPU
		{6FC9A918-65EE-44BE-93C9-0BBEBC088466}.Release|Any CPU.Build.0 = Release|Any CPU
		{E696394F-3C0F-4725-AA04-C4F7D8EF9097}.Debug|Any CPU.ActiveCfg = Debug|Any CPU
		{E696394F-3C0F-4725-AA04-C4F7D8EF9097}.Debug|Any CPU.Build.0 = Debug|Any CPU
		{E696394F-3C0F-4725-AA04-C4F7D8EF9097}.Release|Any CPU.ActiveCfg = Release|Any CPU
		{E696394F-3C0F-4725-AA04-C4F7D8EF9097}.Release|Any CPU.Build.0 = Release|Any CPU
		{590D76CE-E4D9-4D7A-AA7D-8279D38789C2}.Debug|Any CPU.ActiveCfg = Debug|Any CPU
		{590D76CE-E4D9-4D7A-AA7D-8279D38789C2}.Debug|Any CPU.Build.0 = Debug|Any CPU
		{590D76CE-E4D9-4D7A-AA7D-8279D38789C2}.Release|Any CPU.ActiveCfg = Release|Any CPU
		{590D76CE-E4D9-4D7A-AA7D-8279D38789C2}.Release|Any CPU.Build.0 = Release|Any CPU
		{94900B3A-089A-481E-96AF-EA44489202BB}.Debug|Any CPU.ActiveCfg = Debug|Any CPU
		{94900B3A-089A-481E-96AF-EA44489202BB}.Debug|Any CPU.Build.0 = Debug|Any CPU
		{94900B3A-089A-481E-96AF-EA44489202BB}.Release|Any CPU.ActiveCfg = Release|Any CPU
		{94900B3A-089A-481E-96AF-EA44489202BB}.Release|Any CPU.Build.0 = Release|Any CPU
	EndGlobalSection
	GlobalSection(SolutionProperties) = preSolution
		HideSolutionNode = FALSE
	EndGlobalSection
	GlobalSection(ExtensibilityGlobals) = postSolution
		SolutionGuid = {EDCEDB58-0AA9-45A0-A68F-B47E548DC9DC}
	EndGlobalSection
EndGlobal
